
Microsoft Visual Studio Solution File, Format Version 12.00
# Visual Studio Version 16
VisualStudioVersion = 16.0.30804.86
MinimumVisualStudioVersion = 10.0.40219.1
Project("{2150E333-8FDC-42A3-9474-1A3956D46DE8}") = "Doc", "Doc", "{0E7E3513-87DD-4CBB-88EA-561A93B0179A}"
EndProject
Project("{2150E333-8FDC-42A3-9474-1A3956D46DE8}") = "Src", "Src", "{5CB2C5F2-52E9-4E2C-BBCB-947BB26E5015}"
EndProject
Project("{2150E333-8FDC-42A3-9474-1A3956D46DE8}") = "Test", "Test", "{6D64607A-CCC8-4B90-A3D0-05152D3D3538}"
EndProject
Project("{2150E333-8FDC-42A3-9474-1A3956D46DE8}") = "Core", "Core", "{631F10B3-5120-4814-BF50-1A1C0DDF42BF}"
EndProject
Project("{2150E333-8FDC-42A3-9474-1A3956D46DE8}") = "Infrastructure", "Infrastructure", "{05C64E19-1C49-4863-A1D4-2D649F25CCF1}"
EndProject
Project("{2150E333-8FDC-42A3-9474-1A3956D46DE8}") = "Pesentation", "Pesentation", "{AAFF2CE9-C57D-451A-B8B5-BCA46C6B674F}"
EndProject
Project("{2150E333-8FDC-42A3-9474-1A3956D46DE8}") = "Common", "Common", "{BE35CD7E-B014-42F5-BABB-C272D856D4CE}"
EndProject
Project("{9A19103F-16F7-4668-BE54-9A1E7A4F7556}") = "Store_1.Domain", "Store_1.Domain\Store_1.Domain.csproj", "{07F3327F-D742-415E-A7AA-B66E22CCEC6F}"
EndProject
Project("{9A19103F-16F7-4668-BE54-9A1E7A4F7556}") = "Store_1.Application", "Store_1.Application\Store_1.Application.csproj", "{1DD67A9A-FF61-4B4E-9956-ED09C145677D}"
EndProject
Project("{9A19103F-16F7-4668-BE54-9A1E7A4F7556}") = "Store_1.Infrastructure", "Store_1.Infrastructure\Store_1.Infrastructure.csproj", "{93E65148-A176-4D2D-B93D-DCA5F35A9E8E}"
EndProject
Project("{9A19103F-16F7-4668-BE54-9A1E7A4F7556}") = "Store_1.Persistence", "Store_1.Persistens\Store_1.Persistence.csproj", "{2EB355E6-9E6A-4492-B860-AB18036161FC}"
EndProject
Project("{9A19103F-16F7-4668-BE54-9A1E7A4F7556}") = "Store_1.Common", "Store_1.Common\Store_1.Common.csproj", "{E2057FC1-F2DF-45B8-A5DE-255C3CD4310B}"
EndProject
Project("{9A19103F-16F7-4668-BE54-9A1E7A4F7556}") = "EndPont.Site", "EndPont.Site\EndPont.Site.csproj", "{A4EB7944-5972-4D40-83EE-7C80CFFAD58E}"
EndProject
Global
	GlobalSection(SolutionConfigurationPlatforms) = preSolution
		Debug|Any CPU = Debug|Any CPU
		Release|Any CPU = Release|Any CPU
	EndGlobalSection
	GlobalSection(ProjectConfigurationPlatforms) = postSolution
		{07F3327F-D742-415E-A7AA-B66E22CCEC6F}.Debug|Any CPU.ActiveCfg = Debug|Any CPU
		{07F3327F-D742-415E-A7AA-B66E22CCEC6F}.Debug|Any CPU.Build.0 = Debug|Any CPU
		{07F3327F-D742-415E-A7AA-B66E22CCEC6F}.Release|Any CPU.ActiveCfg = Release|Any CPU
		{07F3327F-D742-415E-A7AA-B66E22CCEC6F}.Release|Any CPU.Build.0 = Release|Any CPU
		{1DD67A9A-FF61-4B4E-9956-ED09C145677D}.Debug|Any CPU.ActiveCfg = Debug|Any CPU
		{1DD67A9A-FF61-4B4E-9956-ED09C145677D}.Debug|Any CPU.Build.0 = Debug|Any CPU
		{1DD67A9A-FF61-4B4E-9956-ED09C145677D}.Release|Any CPU.ActiveCfg = Release|Any CPU
		{1DD67A9A-FF61-4B4E-9956-ED09C145677D}.Release|Any CPU.Build.0 = Release|Any CPU
		{93E65148-A176-4D2D-B93D-DCA5F35A9E8E}.Debug|Any CPU.ActiveCfg = Debug|Any CPU
		{93E65148-A176-4D2D-B93D-DCA5F35A9E8E}.Debug|Any CPU.Build.0 = Debug|Any CPU
		{93E65148-A176-4D2D-B93D-DCA5F35A9E8E}.Release|Any CPU.ActiveCfg = Release|Any CPU
		{93E65148-A176-4D2D-B93D-DCA5F35A9E8E}.Release|Any CPU.Build.0 = Release|Any CPU
		{2EB355E6-9E6A-4492-B860-AB18036161FC}.Debug|Any CPU.ActiveCfg = Debug|Any CPU
		{2EB355E6-9E6A-4492-B860-AB18036161FC}.Debug|Any CPU.Build.0 = Debug|Any CPU
		{2EB355E6-9E6A-4492-B860-AB18036161FC}.Release|Any CPU.ActiveCfg = Release|Any CPU
		{2EB355E6-9E6A-4492-B860-AB18036161FC}.Release|Any CPU.Build.0 = Release|Any CPU
		{E2057FC1-F2DF-45B8-A5DE-255C3CD4310B}.Debug|Any CPU.ActiveCfg = Debug|Any CPU
		{E2057FC1-F2DF-45B8-A5DE-255C3CD4310B}.Debug|Any CPU.Build.0 = Debug|Any CPU
		{E2057FC1-F2DF-45B8-A5DE-255C3CD4310B}.Release|Any CPU.ActiveCfg = Release|Any CPU
		{E2057FC1-F2DF-45B8-A5DE-255C3CD4310B}.Release|Any CPU.Build.0 = Release|Any CPU
		{A4EB7944-5972-4D40-83EE-7C80CFFAD58E}.Debug|Any CPU.ActiveCfg = Debug|Any CPU
		{A4EB7944-5972-4D40-83EE-7C80CFFAD58E}.Debug|Any CPU.Build.0 = Debug|Any CPU
		{A4EB7944-5972-4D40-83EE-7C80CFFAD58E}.Release|Any CPU.ActiveCfg = Release|Any CPU
		{A4EB7944-5972-4D40-83EE-7C80CFFAD58E}.Release|Any CPU.Build.0 = Release|Any CPU
	EndGlobalSection
	GlobalSection(SolutionProperties) = preSolution
		HideSolutionNode = FALSE
	EndGlobalSection
	GlobalSection(NestedProjects) = preSolution
		{631F10B3-5120-4814-BF50-1A1C0DDF42BF} = {5CB2C5F2-52E9-4E2C-BBCB-947BB26E5015}
		{05C64E19-1C49-4863-A1D4-2D649F25CCF1} = {5CB2C5F2-52E9-4E2C-BBCB-947BB26E5015}
		{AAFF2CE9-C57D-451A-B8B5-BCA46C6B674F} = {5CB2C5F2-52E9-4E2C-BBCB-947BB26E5015}
		{BE35CD7E-B014-42F5-BABB-C272D856D4CE} = {5CB2C5F2-52E9-4E2C-BBCB-947BB26E5015}
		{07F3327F-D742-415E-A7AA-B66E22CCEC6F} = {631F10B3-5120-4814-BF50-1A1C0DDF42BF}
		{1DD67A9A-FF61-4B4E-9956-ED09C145677D} = {631F10B3-5120-4814-BF50-1A1C0DDF42BF}
		{93E65148-A176-4D2D-B93D-DCA5F35A9E8E} = {05C64E19-1C49-4863-A1D4-2D649F25CCF1}
		{2EB355E6-9E6A-4492-B860-AB18036161FC} = {05C64E19-1C49-4863-A1D4-2D649F25CCF1}
		{E2057FC1-F2DF-45B8-A5DE-255C3CD4310B} = {BE35CD7E-B014-42F5-BABB-C272D856D4CE}
		{A4EB7944-5972-4D40-83EE-7C80CFFAD58E} = {AAFF2CE9-C57D-451A-B8B5-BCA46C6B674F}
	EndGlobalSection
	GlobalSection(ExtensibilityGlobals) = postSolution
		SolutionGuid = {488B48C9-2E96-4374-8F59-612176293E88}
	EndGlobalSection
EndGlobal
